
Microsoft Visual Studio Solution File, Format Version 12.00
# Visual Studio Version 16
VisualStudioVersion = 16.0.28803.202
MinimumVisualStudioVersion = 10.0.40219.1
Project("{9A19103F-16F7-4668-BE54-9A1E7A4F7556}") = "CsharpStartTest", "CsharpStartTest\CsharpStartTest.csproj", "{007DDE0F-8339-403C-8751-7DB5A484A6B8}"
EndProject
Project("{FAE04EC0-301F-11D3-BF4B-00C04F79EFBC}") = "dataProcessCheck", "dataProcessCheck\dataProcessCheck.csproj", "{01C8DA13-FB18-4E1F-B70E-A37279ABF69F}"
EndProject
Project("{FAE04EC0-301F-11D3-BF4B-00C04F79EFBC}") = "UnitTests", "UnitTests\UnitTests.csproj", "{086CB042-1A42-446F-AA0C-D096E8015B7C}"
EndProject
Global
	GlobalSection(SolutionConfigurationPlatforms) = preSolution
		Debug|Any CPU = Debug|Any CPU
		Release|Any CPU = Release|Any CPU
	EndGlobalSection
	GlobalSection(ProjectConfigurationPlatforms) = postSolution
		{007DDE0F-8339-403C-8751-7DB5A484A6B8}.Debug|Any CPU.ActiveCfg = Debug|Any CPU
		{007DDE0F-8339-403C-8751-7DB5A484A6B8}.Debug|Any CPU.Build.0 = Debug|Any CPU
		{007DDE0F-8339-403C-8751-7DB5A484A6B8}.Release|Any CPU.ActiveCfg = Release|Any CPU
		{007DDE0F-8339-403C-8751-7DB5A484A6B8}.Release|Any CPU.Build.0 = Release|Any CPU
		{01C8DA13-FB18-4E1F-B70E-A37279ABF69F}.Debug|Any CPU.ActiveCfg = Debug|Any CPU
		{01C8DA13-FB18-4E1F-B70E-A37279ABF69F}.Debug|Any CPU.Build.0 = Debug|Any CPU
		{01C8DA13-FB18-4E1F-B70E-A37279ABF69F}.Release|Any CPU.ActiveCfg = Release|Any CPU
		{01C8DA13-FB18-4E1F-B70E-A37279ABF69F}.Release|Any CPU.Build.0 = Release|Any CPU
		{086CB042-1A42-446F-AA0C-D096E8015B7C}.Debug|Any CPU.ActiveCfg = Debug|Any CPU
		{086CB042-1A42-446F-AA0C-D096E8015B7C}.Debug|Any CPU.Build.0 = Debug|Any CPU
		{086CB042-1A42-446F-AA0C-D096E8015B7C}.Release|Any CPU.ActiveCfg = Release|Any CPU
		{086CB042-1A42-446F-AA0C-D096E8015B7C}.Release|Any CPU.Build.0 = Release|Any CPU
	EndGlobalSection
	GlobalSection(SolutionProperties) = preSolution
		HideSolutionNode = FALSE
	EndGlobalSection
	GlobalSection(ExtensibilityGlobals) = postSolution
		SolutionGuid = {3D844BEA-8625-4B60-98CF-9C45497F1E5E}
	EndGlobalSection
EndGlobal
